
Microsoft Visual Studio Solution File, Format Version 12.00
# Visual Studio Version 17
VisualStudioVersion = 17.8.34309.116
MinimumVisualStudioVersion = 10.0.40219.1
Project("{FAE04EC0-301F-11D3-BF4B-00C04F79EFBC}") = "EDUCACOOPERN", "EDUCACOOPERN\EDUCACOOPERN.csproj", "{717F1E68-959C-400A-A9E5-53AF0DE9A097}"
EndProject
Project("{E53339B2-1760-4266-BCC7-CA923CBCF16C}") = "docker-compose", "docker-compose.dcproj", "{AAB29A2C-C494-451D-99A3-C7FA9D9AE71D}"
EndProject
Global
	GlobalSection(SolutionConfigurationPlatforms) = preSolution
		Debug|Any CPU = Debug|Any CPU
		Release|Any CPU = Release|Any CPU
	EndGlobalSection
	GlobalSection(ProjectConfigurationPlatforms) = postSolution
		{717F1E68-959C-400A-A9E5-53AF0DE9A097}.Debug|Any CPU.ActiveCfg = Debug|Any CPU
		{717F1E68-959C-400A-A9E5-53AF0DE9A097}.Debug|Any CPU.Build.0 = Debug|Any CPU
		{717F1E68-959C-400A-A9E5-53AF0DE9A097}.Release|Any CPU.ActiveCfg = Release|Any CPU
		{717F1E68-959C-400A-A9E5-53AF0DE9A097}.Release|Any CPU.Build.0 = Release|Any CPU
		{AAB29A2C-C494-451D-99A3-C7FA9D9AE71D}.Debug|Any CPU.ActiveCfg = Debug|Any CPU
		{AAB29A2C-C494-451D-99A3-C7FA9D9AE71D}.Debug|Any CPU.Build.0 = Debug|Any CPU
		{AAB29A2C-C494-451D-99A3-C7FA9D9AE71D}.Release|Any CPU.ActiveCfg = Release|Any CPU
		{AAB29A2C-C494-451D-99A3-C7FA9D9AE71D}.Release|Any CPU.Build.0 = Release|Any CPU
	EndGlobalSection
	GlobalSection(SolutionProperties) = preSolution
		HideSolutionNode = FALSE
	EndGlobalSection
	GlobalSection(ExtensibilityGlobals) = postSolution
		SolutionGuid = {D66DA462-3B05-4B41-B1BB-CA00D29C42B1}
	EndGlobalSection
EndGlobal
